
Microsoft Visual Studio Solution File, Format Version 12.00
# Visual Studio Version 16
VisualStudioVersion = 16.0.31702.278
MinimumVisualStudioVersion = 10.0.40219.1
Project("{FAE04EC0-301F-11D3-BF4B-00C04F79EFBC}") = "Pokedex", "Pokedex\Pokedex.csproj", "{77AD850F-FF2F-42CB-A887-CBE12B5CD13A}"
EndProject
Global
	GlobalSection(SolutionConfigurationPlatforms) = preSolution
		Debug|Any CPU = Debug|Any CPU
		Release|Any CPU = Release|Any CPU
	EndGlobalSection
	GlobalSection(ProjectConfigurationPlatforms) = postSolution
		{77AD850F-FF2F-42CB-A887-CBE12B5CD13A}.Debug|Any CPU.ActiveCfg = Debug|Any CPU
		{77AD850F-FF2F-42CB-A887-CBE12B5CD13A}.Debug|Any CPU.Build.0 = Debug|Any CPU
		{77AD850F-FF2F-42CB-A887-CBE12B5CD13A}.Release|Any CPU.ActiveCfg = Release|Any CPU
		{77AD850F-FF2F-42CB-A887-CBE12B5CD13A}.Release|Any CPU.Build.0 = Release|Any CPU
	EndGlobalSection
	GlobalSection(SolutionProperties) = preSolution
		HideSolutionNode = FALSE
	EndGlobalSection
	GlobalSection(ExtensibilityGlobals) = postSolution
		SolutionGuid = {627C7E78-C7DB-4742-AFE7-3E43E4D6C23E}
	EndGlobalSection
EndGlobal
